
Microsoft Visual Studio Solution File, Format Version 12.00
# Visual Studio Version 17
VisualStudioVersion = 17.3.32825.248
MinimumVisualStudioVersion = 10.0.40219.1
Project("{8BC9CEB8-8B4A-11D0-8D11-00A0C91BC942}") = "wamcpl - wolfy and mac cycle programing language", "wamcpl - wolfy and mac cycle programing language\wamcpl - wolfy and mac cycle programing language.vcxproj", "{EB9490A2-2EF4-42AC-BA4F-5A980493C51F}"
EndProject
Global
	GlobalSection(SolutionConfigurationPlatforms) = preSolution
		Debug|x64 = Debug|x64
		Debug|x86 = Debug|x86
		Release|x64 = Release|x64
		Release|x86 = Release|x86
	EndGlobalSection
	GlobalSection(ProjectConfigurationPlatforms) = postSolution
		{EB9490A2-2EF4-42AC-BA4F-5A980493C51F}.Debug|x64.ActiveCfg = Debug|x64
		{EB9490A2-2EF4-42AC-BA4F-5A980493C51F}.Debug|x64.Build.0 = Debug|x64
		{EB9490A2-2EF4-42AC-BA4F-5A980493C51F}.Debug|x86.ActiveCfg = Debug|Win32
		{EB9490A2-2EF4-42AC-BA4F-5A980493C51F}.Debug|x86.Build.0 = Debug|Win32
		{EB9490A2-2EF4-42AC-BA4F-5A980493C51F}.Release|x64.ActiveCfg = Release|x64
		{EB9490A2-2EF4-42AC-BA4F-5A980493C51F}.Release|x64.Build.0 = Release|x64
		{EB9490A2-2EF4-42AC-BA4F-5A980493C51F}.Release|x86.ActiveCfg = Release|Win32
		{EB9490A2-2EF4-42AC-BA4F-5A980493C51F}.Release|x86.Build.0 = Release|Win32
	EndGlobalSection
	GlobalSection(SolutionProperties) = preSolution
		HideSolutionNode = FALSE
	EndGlobalSection
	GlobalSection(ExtensibilityGlobals) = postSolution
		SolutionGuid = {4F037B2D-6248-414E-BE9F-D947506DA7FF}
	EndGlobalSection
EndGlobal
